{
  "version": 4,
  "terraform_version": "0.12.12",
  "serial": 11,
  "lineage": "bb53fb87-1de7-9cce-3235-27dec458f519",
  "outputs": {},
  "resources": [
    {
      "mode": "managed",
      "type": "azurerm_network_interface",
      "name": "terraform_pacman_jtodd-nic",
      "provider": "provider.azurerm",
      "instances": [
        {
          "schema_version": 0,
          "attributes": {
            "applied_dns_servers": [],
            "dns_servers": [],
            "enable_accelerated_networking": false,
            "enable_ip_forwarding": false,
            "id": "/subscriptions/36483a93-0c29-4b4f-89fd-2b1077a44280/resourceGroups/terraform_pacman_test/providers/Microsoft.Network/networkInterfaces/terraform_pacman_NIC",
            "internal_dns_name_label": "",
            "internal_fqdn": "",
            "ip_configuration": [
              {
                "application_gateway_backend_address_pools_ids": [],
                "application_security_group_ids": [],
                "load_balancer_backend_address_pools_ids": [],
                "load_balancer_inbound_nat_rules_ids": [],
                "name": "terraform_pacman_NicConfiguration",
                "primary": true,
                "private_ip_address": "",
                "private_ip_address_allocation": "dynamic",
                "private_ip_address_version": "IPv4",
                "public_ip_address_id": "/subscriptions/36483a93-0c29-4b4f-89fd-2b1077a44280/resourceGroups/terraform_pacman_test/providers/Microsoft.Network/publicIPAddresses/terraform_pacman_test_publicIP",
                "subnet_id": "/subscriptions/36483a93-0c29-4b4f-89fd-2b1077a44280/resourceGroups/terraform_pacman_test/providers/Microsoft.Network/virtualNetworks/terraform_pacman_test_Vnet/subnets/terraform_pacman_test_subnet"
              }
            ],
            "location": "centralus",
            "mac_address": "",
            "name": "terraform_pacman_NIC",
            "network_security_group_id": "/subscriptions/36483a93-0c29-4b4f-89fd-2b1077a44280/resourceGroups/terraform_pacman_test/providers/Microsoft.Network/networkSecurityGroups/terraform_pacman-SecurityGroup-jtodd",
            "private_ip_address": "10.0.1.4",
            "private_ip_addresses": [
              "10.0.1.4"
            ],
            "resource_group_name": "terraform_pacman_test",
            "tags": {
              "environment": "Terraform Pacman Demo"
            },
            "virtual_machine_id": null
          },
          "private": "bnVsbA==",
          "depends_on": [
            "azurerm_network_security_group.terraform_pacman_jtodd-sg",
            "azurerm_public_ip.terraform_pacman_publicip_jtodd",
            "azurerm_resource_group.terraform_pacman_rgroup_jtodd",
            "azurerm_subnet.terraform_pacman_subnet_jtodd"
          ]
        }
      ]
    },
    {
      "mode": "managed",
      "type": "azurerm_network_security_group",
      "name": "terraform_pacman_jtodd-sg",
      "provider": "provider.azurerm",
      "instances": [
        {
          "schema_version": 0,
          "attributes": {
            "id": "/subscriptions/36483a93-0c29-4b4f-89fd-2b1077a44280/resourceGroups/terraform_pacman_test/providers/Microsoft.Network/networkSecurityGroups/terraform_pacman-SecurityGroup-jtodd",
            "location": "centralus",
            "name": "terraform_pacman-SecurityGroup-jtodd",
            "resource_group_name": "terraform_pacman_test",
            "security_rule": [
              {
                "access": "Allow",
                "description": "",
                "destination_address_prefix": "*",
                "destination_address_prefixes": [],
                "destination_application_security_group_ids": [],
                "destination_port_range": "22",
                "destination_port_ranges": [],
                "direction": "Inbound",
                "name": "SSH",
                "priority": 1001,
                "protocol": "Tcp",
                "source_address_prefix": "*",
                "source_address_prefixes": [],
                "source_application_security_group_ids": [],
                "source_port_range": "*",
                "source_port_ranges": []
              }
            ],
            "tags": {
              "environment": "Terraform Pacman Demo"
            }
          },
          "private": "bnVsbA==",
          "depends_on": [
            "azurerm_resource_group.terraform_pacman_rgroup_jtodd"
          ]
        }
      ]
    },
    {
      "mode": "managed",
      "type": "azurerm_public_ip",
      "name": "terraform_pacman_publicip_jtodd",
      "provider": "provider.azurerm",
      "instances": [
        {
          "schema_version": 0,
          "attributes": {
            "allocation_method": "Dynamic",
            "domain_name_label": null,
            "fqdn": null,
            "id": "/subscriptions/36483a93-0c29-4b4f-89fd-2b1077a44280/resourceGroups/terraform_pacman_test/providers/Microsoft.Network/publicIPAddresses/terraform_pacman_test_publicIP",
            "idle_timeout_in_minutes": 4,
            "ip_address": "",
            "ip_version": "IPv4",
            "location": "centralus",
            "name": "terraform_pacman_test_publicIP",
            "public_ip_address_allocation": "Dynamic",
            "public_ip_prefix_id": null,
            "resource_group_name": "terraform_pacman_test",
            "reverse_fqdn": null,
            "sku": "Basic",
            "tags": {
              "environment": "Terraform Pacman Demo"
            },
            "zones": []
          },
          "private": "bnVsbA==",
          "depends_on": [
            "azurerm_resource_group.terraform_pacman_rgroup_jtodd"
          ]
        }
      ]
    },
    {
      "mode": "managed",
      "type": "azurerm_resource_group",
      "name": "terraform_pacman_rgroup_jtodd",
      "provider": "provider.azurerm",
      "instances": [
        {
          "schema_version": 0,
          "attributes": {
            "id": "/subscriptions/36483a93-0c29-4b4f-89fd-2b1077a44280/resourceGroups/terraform_pacman_test",
            "location": "centralus",
            "name": "terraform_pacman_test",
            "tags": {
              "environment": "Terraform Pacman Demo"
            }
          },
          "private": "bnVsbA=="
        }
      ]
    },
    {
      "mode": "managed",
      "type": "azurerm_storage_account",
      "name": "terraform_pacman_test_storage",
      "provider": "provider.azurerm",
      "instances": [
        {
          "schema_version": 2,
          "attributes": {
            "access_tier": "",
            "account_encryption_source": "Microsoft.Storage",
            "account_kind": "Storage",
            "account_replication_type": "LRS",
            "account_tier": "Standard",
            "account_type": "Standard_LRS",
            "custom_domain": [],
            "enable_advanced_threat_protection": false,
            "enable_blob_encryption": true,
            "enable_file_encryption": true,
            "enable_https_traffic_only": false,
            "id": "/subscriptions/36483a93-0c29-4b4f-89fd-2b1077a44280/resourceGroups/terraform_pacman_test/providers/Microsoft.Storage/storageAccounts/diag54f35358aa5fff35",
            "identity": [],
            "is_hns_enabled": false,
            "location": "centralus",
            "name": "diag54f35358aa5fff35",
            "network_rules": [],
            "primary_access_key": "2t0UHWlKBTEhZTS2RBzMVX+bj9GNSc4uEAgT+TVUUzX4tMr53Qze0c88eJiXEFmkZkzIg426oSwsPIbMlwISrw==",
            "primary_blob_connection_string": "DefaultEndpointsProtocol=https;BlobEndpoint=https://diag54f35358aa5fff35.blob.core.windows.net/;AccountName=diag54f35358aa5fff35;AccountKey=2t0UHWlKBTEhZTS2RBzMVX+bj9GNSc4uEAgT+TVUUzX4tMr53Qze0c88eJiXEFmkZkzIg426oSwsPIbMlwISrw==",
            "primary_blob_endpoint": "https://diag54f35358aa5fff35.blob.core.windows.net/",
            "primary_blob_host": "diag54f35358aa5fff35.blob.core.windows.net",
            "primary_connection_string": "DefaultEndpointsProtocol=https;AccountName=diag54f35358aa5fff35;AccountKey=2t0UHWlKBTEhZTS2RBzMVX+bj9GNSc4uEAgT+TVUUzX4tMr53Qze0c88eJiXEFmkZkzIg426oSwsPIbMlwISrw==;EndpointSuffix=core.windows.net",
            "primary_dfs_endpoint": "",
            "primary_dfs_host": "",
            "primary_file_endpoint": "https://diag54f35358aa5fff35.file.core.windows.net/",
            "primary_file_host": "diag54f35358aa5fff35.file.core.windows.net",
            "primary_location": "centralus",
            "primary_queue_endpoint": "https://diag54f35358aa5fff35.queue.core.windows.net/",
            "primary_queue_host": "diag54f35358aa5fff35.queue.core.windows.net",
            "primary_table_endpoint": "https://diag54f35358aa5fff35.table.core.windows.net/",
            "primary_table_host": "diag54f35358aa5fff35.table.core.windows.net",
            "primary_web_endpoint": "",
            "primary_web_host": "",
            "queue_properties": [
              {
                "cors_rule": [],
                "hour_metrics": [
                  {
                    "enabled": true,
                    "include_apis": true,
                    "retention_policy_days": 7,
                    "version": "1.0"
                  }
                ],
                "logging": [
                  {
                    "delete": false,
                    "read": false,
                    "retention_policy_days": 0,
                    "version": "1.0",
                    "write": false
                  }
                ],
                "minute_metrics": [
                  {
                    "enabled": false,
                    "include_apis": false,
                    "retention_policy_days": 0,
                    "version": "1.0"
                  }
                ]
              }
            ],
            "resource_group_name": "terraform_pacman_test",
            "secondary_access_key": "e5MZ68fpOqNlxAf1E4CC8/HAUCMbKieMuuUPe3pFVvk6TEicEz8ohB66afDDhoTzTGLmG9e1G/nAEPDmvZdk9w==",
            "secondary_blob_connection_string": "",
            "secondary_blob_endpoint": null,
            "secondary_blob_host": null,
            "secondary_connection_string": "DefaultEndpointsProtocol=https;AccountName=diag54f35358aa5fff35;AccountKey=e5MZ68fpOqNlxAf1E4CC8/HAUCMbKieMuuUPe3pFVvk6TEicEz8ohB66afDDhoTzTGLmG9e1G/nAEPDmvZdk9w==;EndpointSuffix=core.windows.net",
            "secondary_dfs_endpoint": null,
            "secondary_dfs_host": null,
            "secondary_file_endpoint": null,
            "secondary_file_host": null,
            "secondary_location": "",
            "secondary_queue_endpoint": null,
            "secondary_queue_host": null,
            "secondary_table_endpoint": null,
            "secondary_table_host": null,
            "secondary_web_endpoint": null,
            "secondary_web_host": null,
            "tags": {
              "environment": "Terraform Pacman Demo"
            }
          },
          "private": "eyJzY2hlbWFfdmVyc2lvbiI6IjIifQ==",
          "depends_on": [
            "azurerm_resource_group.terraform_pacman_rgroup_jtodd",
            "random_id.randomId"
          ]
        }
      ]
    },
    {
      "mode": "managed",
      "type": "azurerm_subnet",
      "name": "terraform_pacman_subnet_jtodd",
      "provider": "provider.azurerm",
      "instances": [
        {
          "schema_version": 0,
          "attributes": {
            "address_prefix": "10.0.1.0/24",
            "delegation": [],
            "id": "/subscriptions/36483a93-0c29-4b4f-89fd-2b1077a44280/resourceGroups/terraform_pacman_test/providers/Microsoft.Network/virtualNetworks/terraform_pacman_test_Vnet/subnets/terraform_pacman_test_subnet",
            "ip_configurations": [
              "/subscriptions/36483a93-0c29-4b4f-89fd-2b1077a44280/resourceGroups/terraform_pacman_test/providers/Microsoft.Network/networkInterfaces/terraform_pacman_NIC/ipConfigurations/terraform_pacman_NicConfiguration"
            ],
            "name": "terraform_pacman_test_subnet",
            "network_security_group_id": "",
            "resource_group_name": "terraform_pacman_test",
            "route_table_id": "",
            "service_endpoints": [],
            "virtual_network_name": "terraform_pacman_test_Vnet"
          },
          "private": "bnVsbA==",
          "depends_on": [
            "azurerm_resource_group.terraform_pacman_rgroup_jtodd",
            "azurerm_virtual_network.terraform_pacman_network_jtodd"
          ]
        }
      ]
    },
    {
      "mode": "managed",
      "type": "azurerm_virtual_network",
      "name": "terraform_pacman_network_jtodd",
      "provider": "provider.azurerm",
      "instances": [
        {
          "schema_version": 0,
          "attributes": {
            "address_space": [
              "10.0.0.0/16"
            ],
            "ddos_protection_plan": [],
            "dns_servers": [],
            "id": "/subscriptions/36483a93-0c29-4b4f-89fd-2b1077a44280/resourceGroups/terraform_pacman_test/providers/Microsoft.Network/virtualNetworks/terraform_pacman_test_Vnet",
            "location": "centralus",
            "name": "terraform_pacman_test_Vnet",
            "resource_group_name": "terraform_pacman_test",
            "subnet": [
              {
                "address_prefix": "10.0.1.0/24",
                "id": "/subscriptions/36483a93-0c29-4b4f-89fd-2b1077a44280/resourceGroups/terraform_pacman_test/providers/Microsoft.Network/virtualNetworks/terraform_pacman_test_Vnet/subnets/terraform_pacman_test_subnet",
                "name": "terraform_pacman_test_subnet",
                "security_group": ""
              }
            ],
            "tags": {
              "environment": "Terraform Pacman Demo"
            }
          },
          "private": "bnVsbA==",
          "depends_on": [
            "azurerm_resource_group.terraform_pacman_rgroup_jtodd"
          ]
        }
      ]
    },
    {
      "mode": "managed",
      "type": "random_id",
      "name": "randomId",
      "provider": "provider.random",
      "instances": [
        {
          "schema_version": 0,
          "attributes": {
            "b64": "VPNTWKpf_zU",
            "b64_std": "VPNTWKpf/zU=",
            "b64_url": "VPNTWKpf_zU",
            "byte_length": 8,
            "dec": "6121327958807281461",
            "hex": "54f35358aa5fff35",
            "id": "VPNTWKpf_zU",
            "keepers": {
              "resource_group": "terraform_pacman_test"
            },
            "prefix": null
          },
          "private": "bnVsbA==",
          "depends_on": [
            "azurerm_resource_group.terraform_pacman_rgroup_jtodd"
          ]
        }
      ]
    }
  ]
}
